
Microsoft Visual Studio Solution File, Format Version 12.00
# Visual Studio 15
VisualStudioVersion = 15.0.28307.705
MinimumVisualStudioVersion = 10.0.40219.1
Project("{FAE04EC0-301F-11D3-BF4B-00C04F79EFBC}") = "WindowsFormsApp14", "WindowsFormsApp14\WindowsFormsApp14.csproj", "{3D929CFA-07BE-4D94-B719-32E03827D497}"
EndProject
Global
	GlobalSection(SolutionConfigurationPlatforms) = preSolution
		Debug|Any CPU = Debug|Any CPU
		Release|Any CPU = Release|Any CPU
	EndGlobalSection
	GlobalSection(ProjectConfigurationPlatforms) = postSolution
		{3D929CFA-07BE-4D94-B719-32E03827D497}.Debug|Any CPU.ActiveCfg = Debug|Any CPU
		{3D929CFA-07BE-4D94-B719-32E03827D497}.Debug|Any CPU.Build.0 = Debug|Any CPU
		{3D929CFA-07BE-4D94-B719-32E03827D497}.Release|Any CPU.ActiveCfg = Release|Any CPU
		{3D929CFA-07BE-4D94-B719-32E03827D497}.Release|Any CPU.Build.0 = Release|Any CPU
	EndGlobalSection
	GlobalSection(SolutionProperties) = preSolution
		HideSolutionNode = FALSE
	EndGlobalSection
	GlobalSection(ExtensibilityGlobals) = postSolution
		SolutionGuid = {3C8A2991-4609-41BF-BCA0-3C0DE8E0957B}
	EndGlobalSection
EndGlobal
